
Microsoft Visual Studio Solution File, Format Version 12.00
# Visual Studio Version 16
VisualStudioVersion = 16.0.32413.511
MinimumVisualStudioVersion = 10.0.40219.1
Project("{FAE04EC0-301F-11D3-BF4B-00C04F79EFBC}") = "CISCapstoneExample", "CISCapstoneExample\CISCapstoneExample.csproj", "{812AEC1D-DCFB-4856-BEDC-F12B376704ED}"
EndProject
Global
	GlobalSection(SolutionConfigurationPlatforms) = preSolution
		Debug|Any CPU = Debug|Any CPU
		Release|Any CPU = Release|Any CPU
	EndGlobalSection
	GlobalSection(ProjectConfigurationPlatforms) = postSolution
		{812AEC1D-DCFB-4856-BEDC-F12B376704ED}.Debug|Any CPU.ActiveCfg = Debug|Any CPU
		{812AEC1D-DCFB-4856-BEDC-F12B376704ED}.Debug|Any CPU.Build.0 = Debug|Any CPU
		{812AEC1D-DCFB-4856-BEDC-F12B376704ED}.Release|Any CPU.ActiveCfg = Release|Any CPU
		{812AEC1D-DCFB-4856-BEDC-F12B376704ED}.Release|Any CPU.Build.0 = Release|Any CPU
	EndGlobalSection
	GlobalSection(SolutionProperties) = preSolution
		HideSolutionNode = FALSE
	EndGlobalSection
	GlobalSection(ExtensibilityGlobals) = postSolution
		SolutionGuid = {8AA974A5-89E1-4157-9AFA-98A8EC502286}
	EndGlobalSection
EndGlobal
